
Microsoft Visual Studio Solution File, Format Version 12.00
# Visual Studio Version 16
VisualStudioVersion = 16.0.29806.167
MinimumVisualStudioVersion = 10.0.40219.1
Project("{FAE04EC0-301F-11D3-BF4B-00C04F79EFBC}") = "TP2", "TP2\TP2.csproj", "{83D78052-4D12-4364-A95D-1FFD3B4C0251}"
EndProject
Project("{FAE04EC0-301F-11D3-BF4B-00C04F79EFBC}") = "Paciente", "Paciente\Paciente.csproj", "{F34EB19E-C361-476A-9B77-92E54E3950E0}"
EndProject
Project("{FAE04EC0-301F-11D3-BF4B-00C04F79EFBC}") = "Pacientes", "Pacientes\Pacientes.csproj", "{15F2BC24-C50F-492C-99F2-063B19DB7F79}"
EndProject
Global
	GlobalSection(SolutionConfigurationPlatforms) = preSolution
		Debug|Any CPU = Debug|Any CPU
		Release|Any CPU = Release|Any CPU
	EndGlobalSection
	GlobalSection(ProjectConfigurationPlatforms) = postSolution
		{83D78052-4D12-4364-A95D-1FFD3B4C0251}.Debug|Any CPU.ActiveCfg = Debug|Any CPU
		{83D78052-4D12-4364-A95D-1FFD3B4C0251}.Debug|Any CPU.Build.0 = Debug|Any CPU
		{83D78052-4D12-4364-A95D-1FFD3B4C0251}.Release|Any CPU.ActiveCfg = Release|Any CPU
		{83D78052-4D12-4364-A95D-1FFD3B4C0251}.Release|Any CPU.Build.0 = Release|Any CPU
		{F34EB19E-C361-476A-9B77-92E54E3950E0}.Debug|Any CPU.ActiveCfg = Debug|Any CPU
		{F34EB19E-C361-476A-9B77-92E54E3950E0}.Debug|Any CPU.Build.0 = Debug|Any CPU
		{F34EB19E-C361-476A-9B77-92E54E3950E0}.Release|Any CPU.ActiveCfg = Release|Any CPU
		{F34EB19E-C361-476A-9B77-92E54E3950E0}.Release|Any CPU.Build.0 = Release|Any CPU
		{15F2BC24-C50F-492C-99F2-063B19DB7F79}.Debug|Any CPU.ActiveCfg = Debug|Any CPU
		{15F2BC24-C50F-492C-99F2-063B19DB7F79}.Debug|Any CPU.Build.0 = Debug|Any CPU
		{15F2BC24-C50F-492C-99F2-063B19DB7F79}.Release|Any CPU.ActiveCfg = Release|Any CPU
		{15F2BC24-C50F-492C-99F2-063B19DB7F79}.Release|Any CPU.Build.0 = Release|Any CPU
	EndGlobalSection
	GlobalSection(SolutionProperties) = preSolution
		HideSolutionNode = FALSE
	EndGlobalSection
	GlobalSection(ExtensibilityGlobals) = postSolution
		SolutionGuid = {675BE9E2-7A2A-43D6-BFF2-8D529A18598A}
	EndGlobalSection
EndGlobal
